// !$*UTF8*$!
{
	archiveVersion = 1;
	classes = {
	};
	objectVersion = 50;
	objects = {

/* Begin PBXBuildFile section */
		CCEB119B50C23CDD8061B666 /* Pods_CofeeGo.framework in Frameworks */ = {isa = PBXBuildFile; fileRef = 1A0774F7C78982A450248FB7 /* Pods_CofeeGo.framework */; };
		EF14A9C3215BE30D002C0A5F /* GMUStaticCluster.m in Sources */ = {isa = PBXBuildFile; fileRef = EF14A9BF215BE30D002C0A5F /* GMUStaticCluster.m */; };
		EF14A9C4215BE30D002C0A5F /* GMUClusterManager.m in Sources */ = {isa = PBXBuildFile; fileRef = EF14A9C0215BE30D002C0A5F /* GMUClusterManager.m */; };
		EF14A9CE215BE317002C0A5F /* GMUNonHierarchicalDistanceBasedAlgorithm.m in Sources */ = {isa = PBXBuildFile; fileRef = EF14A9C8215BE317002C0A5F /* GMUNonHierarchicalDistanceBasedAlgorithm.m */; };
		EF14A9CF215BE317002C0A5F /* GMUSimpleClusterAlgorithm.m in Sources */ = {isa = PBXBuildFile; fileRef = EF14A9C9215BE317002C0A5F /* GMUSimpleClusterAlgorithm.m */; };
		EF14A9D0215BE317002C0A5F /* GMUWrappingDictionaryKey.m in Sources */ = {isa = PBXBuildFile; fileRef = EF14A9CB215BE317002C0A5F /* GMUWrappingDictionaryKey.m */; };
		EF14A9D1215BE317002C0A5F /* GMUGridBasedClusterAlgorithm.m in Sources */ = {isa = PBXBuildFile; fileRef = EF14A9CD215BE317002C0A5F /* GMUGridBasedClusterAlgorithm.m */; };
		EF14A9DA215BE321002C0A5F /* GMUDefaultClusterIconGenerator.m in Sources */ = {isa = PBXBuildFile; fileRef = EF14A9D3215BE321002C0A5F /* GMUDefaultClusterIconGenerator.m */; };
		EF14A9DB215BE321002C0A5F /* GMUDefaultClusterRenderer.m in Sources */ = {isa = PBXBuildFile; fileRef = EF14A9D6215BE321002C0A5F /* GMUDefaultClusterRenderer.m */; };
		EF14A9E3215BE32D002C0A5F /* GQTPointQuadTree.m in Sources */ = {isa = PBXBuildFile; fileRef = EF14A9DC215BE32C002C0A5F /* GQTPointQuadTree.m */; };
		EF14A9E4215BE32D002C0A5F /* GQTPointQuadTreeChild.m in Sources */ = {isa = PBXBuildFile; fileRef = EF14A9DF215BE32D002C0A5F /* GQTPointQuadTreeChild.m */; };
		EF14A9E6215D47B3002C0A5F /* Database.swift in Sources */ = {isa = PBXBuildFile; fileRef = EF14A9E5215D47B3002C0A5F /* Database.swift */; };
		EF16477B2130546900520F4C /* AdditionCell.swift in Sources */ = {isa = PBXBuildFile; fileRef = EF16477A2130546900520F4C /* AdditionCell.swift */; };
		EF36530420FD712F005E00D3 /* CoffeeManu.swift in Sources */ = {isa = PBXBuildFile; fileRef = EF36530320FD712F005E00D3 /* CoffeeManu.swift */; };
		EF3653072100A00B005E00D3 /* OrderList.swift in Sources */ = {isa = PBXBuildFile; fileRef = EF3653062100A00B005E00D3 /* OrderList.swift */; };
		EF36530A2100A4B4005E00D3 /* MainVC.swift in Sources */ = {isa = PBXBuildFile; fileRef = EF3653092100A4B4005E00D3 /* MainVC.swift */; };
		EF36530C2100A4CF005E00D3 /* FavoriteListVC.swift in Sources */ = {isa = PBXBuildFile; fileRef = EF36530B2100A4CF005E00D3 /* FavoriteListVC.swift */; };
		EF36530E21012BBF005E00D3 /* PieManu.swift in Sources */ = {isa = PBXBuildFile; fileRef = EF36530D21012BBF005E00D3 /* PieManu.swift */; };
		EF36531021012BD5005E00D3 /* BottleManu.swift in Sources */ = {isa = PBXBuildFile; fileRef = EF36530F21012BD5005E00D3 /* BottleManu.swift */; };
		EF36531221012BEB005E00D3 /* SendwichManu.swift in Sources */ = {isa = PBXBuildFile; fileRef = EF36531121012BEB005E00D3 /* SendwichManu.swift */; };
		EF36531421012BF9005E00D3 /* OtherManu.swift in Sources */ = {isa = PBXBuildFile; fileRef = EF36531321012BF9005E00D3 /* OtherManu.swift */; };
		EF36531621012C39005E00D3 /* CakeManu.swift in Sources */ = {isa = PBXBuildFile; fileRef = EF36531521012C39005E00D3 /* CakeManu.swift */; };
		EF36531F21061816005E00D3 /* DropDownCell.swift in Sources */ = {isa = PBXBuildFile; fileRef = EF36531D21061816005E00D3 /* DropDownCell.swift */; };
		EF36532021061816005E00D3 /* DropDownCell.xib in Resources */ = {isa = PBXBuildFile; fileRef = EF36531E21061816005E00D3 /* DropDownCell.xib */; };
		EF36532D210F3EEB005E00D3 /* ConectionCheck.swift in Sources */ = {isa = PBXBuildFile; fileRef = EF36532C210F3EEB005E00D3 /* ConectionCheck.swift */; };
		EF498DE42174F62A008231C1 /* speciesVC.swift in Sources */ = {isa = PBXBuildFile; fileRef = EF498DE32174F62A008231C1 /* speciesVC.swift */; };
		EF498DE62174F67B008231C1 /* speciesCell.swift in Sources */ = {isa = PBXBuildFile; fileRef = EF498DE52174F67B008231C1 /* speciesCell.swift */; };
		EF4AF8A1216BE1DF0083B07A /* CommentsCell.swift in Sources */ = {isa = PBXBuildFile; fileRef = EF4AF8A0216BE1DF0083B07A /* CommentsCell.swift */; };
		EF4AF8A3216CC8F30083B07A /* Interface.swift in Sources */ = {isa = PBXBuildFile; fileRef = EF4AF8A2216CC8F30083B07A /* Interface.swift */; };
		EF71620F20EE66D1000C0C07 /* User.swift in Sources */ = {isa = PBXBuildFile; fileRef = EF71620E20EE66D1000C0C07 /* User.swift */; };
		EF71621220EEA08B000C0C07 /* ServerManager.swift in Sources */ = {isa = PBXBuildFile; fileRef = EF71621120EEA08A000C0C07 /* ServerManager.swift */; };
		EF71621520EEB90F000C0C07 /* ListVC.swift in Sources */ = {isa = PBXBuildFile; fileRef = EF71621420EEB90F000C0C07 /* ListVC.swift */; };
		EF71621720F12A52000C0C07 /* CoffeeListOnMap.swift in Sources */ = {isa = PBXBuildFile; fileRef = EF71621620F12A52000C0C07 /* CoffeeListOnMap.swift */; };
		EF71621C20F26720000C0C07 /* ParalaxEffectCoffeeTableView.swift in Sources */ = {isa = PBXBuildFile; fileRef = EF71621B20F26720000C0C07 /* ParalaxEffectCoffeeTableView.swift */; };
		EF799DF320C1590300EED722 /* CoffeePage.swift in Sources */ = {isa = PBXBuildFile; fileRef = EF799DF220C1590200EED722 /* CoffeePage.swift */; };
		EF799DF620C15BAA00EED722 /* CommentTable.swift in Sources */ = {isa = PBXBuildFile; fileRef = EF799DF520C15BAA00EED722 /* CommentTable.swift */; };
		EF8465FE213077B500C84126 /* SyrupCell.swift in Sources */ = {isa = PBXBuildFile; fileRef = EF8465FD213077B500C84126 /* SyrupCell.swift */; };
		EF8BEE36214C195700438FB6 /* ZFRippleButton.swift in Sources */ = {isa = PBXBuildFile; fileRef = EF8BEE35214C195700438FB6 /* ZFRippleButton.swift */; };
		EFAE4D40217E7D68007F8EF4 /* CoffeeNetElement.swift in Sources */ = {isa = PBXBuildFile; fileRef = EFAE4D3F217E7D68007F8EF4 /* CoffeeNetElement.swift */; };
		EFC3925020F27DA600A3896A /* MapParelavEffect.swift in Sources */ = {isa = PBXBuildFile; fileRef = EFC3924F20F27DA600A3896A /* MapParelavEffect.swift */; };
		EFC712F220FBC6EA00121607 /* OrdersVC.swift in Sources */ = {isa = PBXBuildFile; fileRef = EFC712F120FBC6EA00121607 /* OrdersVC.swift */; };
		EFC712F620FD056C00121607 /* CoffeeMenuList.swift in Sources */ = {isa = PBXBuildFile; fileRef = EFC712F520FD056C00121607 /* CoffeeMenuList.swift */; };
		EFC712F820FD05C000121607 /* OtherMenuList.swift in Sources */ = {isa = PBXBuildFile; fileRef = EFC712F720FD05C000121607 /* OtherMenuList.swift */; };
		EFC712FA20FD05D600121607 /* CakeMenuList.swift in Sources */ = {isa = PBXBuildFile; fileRef = EFC712F920FD05D600121607 /* CakeMenuList.swift */; };
		EFC712FC20FD062E00121607 /* BottleWaterMenuList.swift in Sources */ = {isa = PBXBuildFile; fileRef = EFC712FB20FD062E00121607 /* BottleWaterMenuList.swift */; };
		EFC712FE20FD066000121607 /* SendwitchMenuList.swift in Sources */ = {isa = PBXBuildFile; fileRef = EFC712FD20FD066000121607 /* SendwitchMenuList.swift */; };
		EFC7130020FD068100121607 /* PieMenuList.swift in Sources */ = {isa = PBXBuildFile; fileRef = EFC712FF20FD068100121607 /* PieMenuList.swift */; };
		EFD3AC4620B5BF9E008B0CE0 /* AppDelegate.swift in Sources */ = {isa = PBXBuildFile; fileRef = EFD3AC4520B5BF9E008B0CE0 /* AppDelegate.swift */; };
		EFD3AC4820B5BF9E008B0CE0 /* ViewController.swift in Sources */ = {isa = PBXBuildFile; fileRef = EFD3AC4720B5BF9E008B0CE0 /* ViewController.swift */; };
		EFD3AC4B20B5BF9E008B0CE0 /* Main.storyboard in Resources */ = {isa = PBXBuildFile; fileRef = EFD3AC4920B5BF9E008B0CE0 /* Main.storyboard */; };
		EFD3AC4D20B5BFA1008B0CE0 /* Assets.xcassets in Resources */ = {isa = PBXBuildFile; fileRef = EFD3AC4C20B5BFA1008B0CE0 /* Assets.xcassets */; };
		EFD3AC5020B5BFA1008B0CE0 /* LaunchScreen.storyboard in Resources */ = {isa = PBXBuildFile; fileRef = EFD3AC4E20B5BFA1008B0CE0 /* LaunchScreen.storyboard */; };
		EFD3F53C2164ECC700193B76 /* SettingVC.swift in Sources */ = {isa = PBXBuildFile; fileRef = EFD3F53B2164ECC700193B76 /* SettingVC.swift */; };
		EFD3F53E2165443A00193B76 /* PageCoffee.swift in Sources */ = {isa = PBXBuildFile; fileRef = EFD3F53D2165443A00193B76 /* PageCoffee.swift */; };
		EFD3F5402165689200193B76 /* TEstCell.swift in Sources */ = {isa = PBXBuildFile; fileRef = EFD3F53F2165689200193B76 /* TEstCell.swift */; };
		EFD3F5422166A4AD00193B76 /* CustomHeaderView.swift in Sources */ = {isa = PBXBuildFile; fileRef = EFD3F5412166A4AD00193B76 /* CustomHeaderView.swift */; };
		EFD3F5442166B05E00193B76 /* Network.swift in Sources */ = {isa = PBXBuildFile; fileRef = EFD3F5432166B05E00193B76 /* Network.swift */; };
		EFE31B382172376600F3E343 /* postOrderVC.swift in Sources */ = {isa = PBXBuildFile; fileRef = EFE31B372172376600F3E343 /* postOrderVC.swift */; };
		EFE8474720B5E55000449114 /* CofeeCell.swift in Sources */ = {isa = PBXBuildFile; fileRef = EFE8474620B5E55000449114 /* CofeeCell.swift */; };
		EFE8474920B5EA6C00449114 /* ListCoffee.swift in Sources */ = {isa = PBXBuildFile; fileRef = EFE8474820B5EA6C00449114 /* ListCoffee.swift */; };
		EFE8474B20B5ECC000449114 /* Constants.swift in Sources */ = {isa = PBXBuildFile; fileRef = EFE8474A20B5ECC000449114 /* Constants.swift */; };
		EFEA599E211F257900265BF3 /* rateVC.swift in Sources */ = {isa = PBXBuildFile; fileRef = EFEA599D211F257900265BF3 /* rateVC.swift */; };
		EFEA59A2212B4AA900265BF3 /* AdditionalStaffForCoffee.swift in Sources */ = {isa = PBXBuildFile; fileRef = EFEA59A1212B4AA900265BF3 /* AdditionalStaffForCoffee.swift */; };
		EFEA59A5212EDC1C00265BF3 /* additionalsVC.swift in Sources */ = {isa = PBXBuildFile; fileRef = EFEA59A4212EDC1C00265BF3 /* additionalsVC.swift */; };
		EFEA59A7212EDC6300265BF3 /* syrupsVC.swift in Sources */ = {isa = PBXBuildFile; fileRef = EFEA59A6212EDC6300265BF3 /* syrupsVC.swift */; };
		EFF0FD04211846B6002AC8CA /* POIItem.swift in Sources */ = {isa = PBXBuildFile; fileRef = EFF0FD03211846B6002AC8CA /* POIItem.swift */; };
		EFF8D5862115D9DF00B655CE /* OrderItem.swift in Sources */ = {isa = PBXBuildFile; fileRef = EFF8D5852115D9DF00B655CE /* OrderItem.swift */; };
		EFF8D5882115EE7400B655CE /* OrderData.swift in Sources */ = {isa = PBXBuildFile; fileRef = EFF8D5872115EE7400B655CE /* OrderData.swift */; };
		EFFB2D1620D1A4BC003A21C3 /* MapVC.swift in Sources */ = {isa = PBXBuildFile; fileRef = EFFB2D1520D1A4BC003A21C3 /* MapVC.swift */; };
		EFFB2D1820D1A76B003A21C3 /* File.swift in Sources */ = {isa = PBXBuildFile; fileRef = EFFB2D1720D1A76B003A21C3 /* File.swift */; };
		EFFB2D1A20D2C477003A21C3 /* MapCoffeeVC.swift in Sources */ = {isa = PBXBuildFile; fileRef = EFFB2D1920D2C477003A21C3 /* MapCoffeeVC.swift */; };
/* End PBXBuildFile section */

/* Begin PBXFileReference section */
		1A0774F7C78982A450248FB7 /* Pods_CofeeGo.framework */ = {isa = PBXFileReference; explicitFileType = wrapper.framework; includeInIndex = 0; path = Pods_CofeeGo.framework; sourceTree = BUILT_PRODUCTS_DIR; };
		54F80BC995ACCCB2B396D95C /* Pods-CofeeGo.release.xcconfig */ = {isa = PBXFileReference; includeInIndex = 1; lastKnownFileType = text.xcconfig; name = "Pods-CofeeGo.release.xcconfig"; path = "Pods/Target Support Files/Pods-CofeeGo/Pods-CofeeGo.release.xcconfig"; sourceTree = "<group>"; };
		ACE4F67825C3DFD0125A02C1 /* Pods-CofeeGo.debug.xcconfig */ = {isa = PBXFileReference; includeInIndex = 1; lastKnownFileType = text.xcconfig; name = "Pods-CofeeGo.debug.xcconfig"; path = "Pods/Target Support Files/Pods-CofeeGo/Pods-CofeeGo.debug.xcconfig"; sourceTree = "<group>"; };
		EF14A9BB215BE30D002C0A5F /* GMUClusterManager.h */ = {isa = PBXFileReference; fileEncoding = 4; lastKnownFileType = sourcecode.c.h; name = GMUClusterManager.h; path = "../../Downloads/google-maps-ios-utils-master/src/Clustering/GMUClusterManager.h"; sourceTree = "<group>"; };
		EF14A9BC215BE30D002C0A5F /* GMUClusterManager+Testing.h */ = {isa = PBXFileReference; fileEncoding = 4; lastKnownFileType = sourcecode.c.h; name = "GMUClusterManager+Testing.h"; path = "../../Downloads/google-maps-ios-utils-master/src/Clustering/GMUClusterManager+Testing.h"; sourceTree = "<group>"; };
		EF14A9BD215BE30D002C0A5F /* GMUClusterItem.h */ = {isa = PBXFileReference; fileEncoding = 4; lastKnownFileType = sourcecode.c.h; name = GMUClusterItem.h; path = "../../Downloads/google-maps-ios-utils-master/src/Clustering/GMUClusterItem.h"; sourceTree = "<group>"; };
		EF14A9BE215BE30D002C0A5F /* GMUStaticCluster.h */ = {isa = PBXFileReference; fileEncoding = 4; lastKnownFileType = sourcecode.c.h; name = GMUStaticCluster.h; path = "../../Downloads/google-maps-ios-utils-master/src/Clustering/GMUStaticCluster.h"; sourceTree = "<group>"; };
		EF14A9BF215BE30D002C0A5F /* GMUStaticCluster.m */ = {isa = PBXFileReference; fileEncoding = 4; lastKnownFileType = sourcecode.c.objc; name = GMUStaticCluster.m; path = "../../Downloads/google-maps-ios-utils-master/src/Clustering/GMUStaticCluster.m"; sourceTree = "<group>"; };
		EF14A9C0215BE30D002C0A5F /* GMUClusterManager.m */ = {isa = PBXFileReference; fileEncoding = 4; lastKnownFileType = sourcecode.c.objc; name = GMUClusterManager.m; path = "../../Downloads/google-maps-ios-utils-master/src/Clustering/GMUClusterManager.m"; sourceTree = "<group>"; };
		EF14A9C2215BE30D002C0A5F /* GMUCluster.h */ = {isa = PBXFileReference; fileEncoding = 4; lastKnownFileType = sourcecode.c.h; name = GMUCluster.h; path = "../../Downloads/google-maps-ios-utils-master/src/Clustering/GMUCluster.h"; sourceTree = "<group>"; };
		EF14A9C5215BE317002C0A5F /* GMUGridBasedClusterAlgorithm.h */ = {isa = PBXFileReference; fileEncoding = 4; lastKnownFileType = sourcecode.c.h; name = GMUGridBasedClusterAlgorithm.h; path = "../../Downloads/google-maps-ios-utils-master/src/Clustering/Algo/GMUGridBasedClusterAlgorithm.h"; sourceTree = "<group>"; };
		EF14A9C6215BE317002C0A5F /* GMUClusterAlgorithm.h */ = {isa = PBXFileReference; fileEncoding = 4; lastKnownFileType = sourcecode.c.h; name = GMUClusterAlgorithm.h; path = "../../Downloads/google-maps-ios-utils-master/src/Clustering/Algo/GMUClusterAlgorithm.h"; sourceTree = "<group>"; };
		EF14A9C7215BE317002C0A5F /* GMUNonHierarchicalDistanceBasedAlgorithm.h */ = {isa = PBXFileReference; fileEncoding = 4; lastKnownFileType = sourcecode.c.h; name = GMUNonHierarchicalDistanceBasedAlgorithm.h; path = "../../Downloads/google-maps-ios-utils-master/src/Clustering/Algo/GMUNonHierarchicalDistanceBasedAlgorithm.h"; sourceTree = "<group>"; };
		EF14A9C8215BE317002C0A5F /* GMUNonHierarchicalDistanceBasedAlgorithm.m */ = {isa = PBXFileReference; fileEncoding = 4; lastKnownFileType = sourcecode.c.objc; name = GMUNonHierarchicalDistanceBasedAlgorithm.m; path = "../../Downloads/google-maps-ios-utils-master/src/Clustering/Algo/GMUNonHierarchicalDistanceBasedAlgorithm.m"; sourceTree = "<group>"; };
		EF14A9C9215BE317002C0A5F /* GMUSimpleClusterAlgorithm.m */ = {isa = PBXFileReference; fileEncoding = 4; lastKnownFileType = sourcecode.c.objc; name = GMUSimpleClusterAlgorithm.m; path = "../../Downloads/google-maps-ios-utils-master/src/Clustering/Algo/GMUSimpleClusterAlgorithm.m"; sourceTree = "<group>"; };
		EF14A9CA215BE317002C0A5F /* GMUSimpleClusterAlgorithm.h */ = {isa = PBXFileReference; fileEncoding = 4; lastKnownFileType = sourcecode.c.h; name = GMUSimpleClusterAlgorithm.h; path = "../../Downloads/google-maps-ios-utils-master/src/Clustering/Algo/GMUSimpleClusterAlgorithm.h"; sourceTree = "<group>"; };
		EF14A9CB215BE317002C0A5F /* GMUWrappingDictionaryKey.m */ = {isa = PBXFileReference; fileEncoding = 4; lastKnownFileType = sourcecode.c.objc; name = GMUWrappingDictionaryKey.m; path = "../../Downloads/google-maps-ios-utils-master/src/Clustering/Algo/GMUWrappingDictionaryKey.m"; sourceTree = "<group>"; };
		EF14A9CC215BE317002C0A5F /* GMUWrappingDictionaryKey.h */ = {isa = PBXFileReference; fileEncoding = 4; lastKnownFileType = sourcecode.c.h; name = GMUWrappingDictionaryKey.h; path = "../../Downloads/google-maps-ios-utils-master/src/Clustering/Algo/GMUWrappingDictionaryKey.h"; sourceTree = "<group>"; };
		EF14A9CD215BE317002C0A5F /* GMUGridBasedClusterAlgorithm.m */ = {isa = PBXFileReference; fileEncoding = 4; lastKnownFileType = sourcecode.c.objc; name = GMUGridBasedClusterAlgorithm.m; path = "../../Downloads/google-maps-ios-utils-master/src/Clustering/Algo/GMUGridBasedClusterAlgorithm.m"; sourceTree = "<group>"; };
		EF14A9D2215BE321002C0A5F /* GMUClusterRenderer.h */ = {isa = PBXFileReference; fileEncoding = 4; lastKnownFileType = sourcecode.c.h; name = GMUClusterRenderer.h; path = "../../Downloads/google-maps-ios-utils-master/src/Clustering/View/GMUClusterRenderer.h"; sourceTree = "<group>"; };
		EF14A9D3215BE321002C0A5F /* GMUDefaultClusterIconGenerator.m */ = {isa = PBXFileReference; fileEncoding = 4; lastKnownFileType = sourcecode.c.objc; name = GMUDefaultClusterIconGenerator.m; path = "../../Downloads/google-maps-ios-utils-master/src/Clustering/View/GMUDefaultClusterIconGenerator.m"; sourceTree = "<group>"; };
		EF14A9D4215BE321002C0A5F /* GMUDefaultClusterIconGenerator+Testing.h */ = {isa = PBXFileReference; fileEncoding = 4; lastKnownFileType = sourcecode.c.h; name = "GMUDefaultClusterIconGenerator+Testing.h"; path = "../../Downloads/google-maps-ios-utils-master/src/Clustering/View/GMUDefaultClusterIconGenerator+Testing.h"; sourceTree = "<group>"; };
		EF14A9D5215BE321002C0A5F /* GMUDefaultClusterRenderer.h */ = {isa = PBXFileReference; fileEncoding = 4; lastKnownFileType = sourcecode.c.h; name = GMUDefaultClusterRenderer.h; path = "../../Downloads/google-maps-ios-utils-master/src/Clustering/View/GMUDefaultClusterRenderer.h"; sourceTree = "<group>"; };
		EF14A9D6215BE321002C0A5F /* GMUDefaultClusterRenderer.m */ = {isa = PBXFileReference; fileEncoding = 4; lastKnownFileType = sourcecode.c.objc; name = GMUDefaultClusterRenderer.m; path = "../../Downloads/google-maps-ios-utils-master/src/Clustering/View/GMUDefaultClusterRenderer.m"; sourceTree = "<group>"; };
		EF14A9D7215BE321002C0A5F /* GMUClusterIconGenerator.h */ = {isa = PBXFileReference; fileEncoding = 4; lastKnownFileType = sourcecode.c.h; name = GMUClusterIconGenerator.h; path = "../../Downloads/google-maps-ios-utils-master/src/Clustering/View/GMUClusterIconGenerator.h"; sourceTree = "<group>"; };
		EF14A9D8215BE321002C0A5F /* GMUDefaultClusterRenderer+Testing.h */ = {isa = PBXFileReference; fileEncoding = 4; lastKnownFileType = sourcecode.c.h; name = "GMUDefaultClusterRenderer+Testing.h"; path = "../../Downloads/google-maps-ios-utils-master/src/Clustering/View/GMUDefaultClusterRenderer+Testing.h"; sourceTree = "<group>"; };
		EF14A9D9215BE321002C0A5F /* GMUDefaultClusterIconGenerator.h */ = {isa = PBXFileReference; fileEncoding = 4; lastKnownFileType = sourcecode.c.h; name = GMUDefaultClusterIconGenerator.h; path = "../../Downloads/google-maps-ios-utils-master/src/Clustering/View/GMUDefaultClusterIconGenerator.h"; sourceTree = "<group>"; };
		EF14A9DC215BE32C002C0A5F /* GQTPointQuadTree.m */ = {isa = PBXFileReference; fileEncoding = 4; lastKnownFileType = sourcecode.c.objc; name = GQTPointQuadTree.m; path = "../../Downloads/google-maps-ios-utils-master/src/QuadTree/GQTPointQuadTree.m"; sourceTree = "<group>"; };
		EF14A9DD215BE32C002C0A5F /* GQTPointQuadTree.h */ = {isa = PBXFileReference; fileEncoding = 4; lastKnownFileType = sourcecode.c.h; name = GQTPointQuadTree.h; path = "../../Downloads/google-maps-ios-utils-master/src/QuadTree/GQTPointQuadTree.h"; sourceTree = "<group>"; };
		EF14A9DE215BE32C002C0A5F /* GQTBounds.h */ = {isa = PBXFileReference; fileEncoding = 4; lastKnownFileType = sourcecode.c.h; name = GQTBounds.h; path = "../../Downloads/google-maps-ios-utils-master/src/QuadTree/GQTBounds.h"; sourceTree = "<group>"; };
		EF14A9DF215BE32D002C0A5F /* GQTPointQuadTreeChild.m */ = {isa = PBXFileReference; fileEncoding = 4; lastKnownFileType = sourcecode.c.objc; name = GQTPointQuadTreeChild.m; path = "../../Downloads/google-maps-ios-utils-master/src/QuadTree/GQTPointQuadTreeChild.m"; sourceTree = "<group>"; };
		EF14A9E0215BE32D002C0A5F /* GQTPointQuadTreeItem.h */ = {isa = PBXFileReference; fileEncoding = 4; lastKnownFileType = sourcecode.c.h; name = GQTPointQuadTreeItem.h; path = "../../Downloads/google-maps-ios-utils-master/src/QuadTree/GQTPointQuadTreeItem.h"; sourceTree = "<group>"; };
		EF14A9E1215BE32D002C0A5F /* GQTPoint.h */ = {isa = PBXFileReference; fileEncoding = 4; lastKnownFileType = sourcecode.c.h; name = GQTPoint.h; path = "../../Downloads/google-maps-ios-utils-master/src/QuadTree/GQTPoint.h"; sourceTree = "<group>"; };
		EF14A9E2215BE32D002C0A5F /* GQTPointQuadTreeChild.h */ = {isa = PBXFileReference; fileEncoding = 4; lastKnownFileType = sourcecode.c.h; name = GQTPointQuadTreeChild.h; path = "../../Downloads/google-maps-ios-utils-master/src/QuadTree/GQTPointQuadTreeChild.h"; sourceTree = "<group>"; };
		EF14A9E5215D47B3002C0A5F /* Database.swift */ = {isa = PBXFileReference; lastKnownFileType = sourcecode.swift; path = Database.swift; sourceTree = "<group>"; };
		EF16477A2130546900520F4C /* AdditionCell.swift */ = {isa = PBXFileReference; lastKnownFileType = sourcecode.swift; path = AdditionCell.swift; sourceTree = "<group>"; };
		EF36530320FD712F005E00D3 /* CoffeeManu.swift */ = {isa = PBXFileReference; lastKnownFileType = sourcecode.swift; path = CoffeeManu.swift; sourceTree = "<group>"; };
		EF3653062100A00B005E00D3 /* OrderList.swift */ = {isa = PBXFileReference; lastKnownFileType = sourcecode.swift; path = OrderList.swift; sourceTree = "<group>"; };
		EF3653092100A4B4005E00D3 /* MainVC.swift */ = {isa = PBXFileReference; lastKnownFileType = sourcecode.swift; path = MainVC.swift; sourceTree = "<group>"; };
		EF36530B2100A4CF005E00D3 /* FavoriteListVC.swift */ = {isa = PBXFileReference; lastKnownFileType = sourcecode.swift; path = FavoriteListVC.swift; sourceTree = "<group>"; };
		EF36530D21012BBF005E00D3 /* PieManu.swift */ = {isa = PBXFileReference; lastKnownFileType = sourcecode.swift; path = PieManu.swift; sourceTree = "<group>"; };
		EF36530F21012BD5005E00D3 /* BottleManu.swift */ = {isa = PBXFileReference; lastKnownFileType = sourcecode.swift; path = BottleManu.swift; sourceTree = "<group>"; };
		EF36531121012BEB005E00D3 /* SendwichManu.swift */ = {isa = PBXFileReference; lastKnownFileType = sourcecode.swift; path = SendwichManu.swift; sourceTree = "<group>"; };
		EF36531321012BF9005E00D3 /* OtherManu.swift */ = {isa = PBXFileReference; lastKnownFileType = sourcecode.swift; path = OtherManu.swift; sourceTree = "<group>"; };
		EF36531521012C39005E00D3 /* CakeManu.swift */ = {isa = PBXFileReference; lastKnownFileType = sourcecode.swift; path = CakeManu.swift; sourceTree = "<group>"; };
		EF36531D21061816005E00D3 /* DropDownCell.swift */ = {isa = PBXFileReference; lastKnownFileType = sourcecode.swift; path = DropDownCell.swift; sourceTree = "<group>"; };
		EF36531E21061816005E00D3 /* DropDownCell.xib */ = {isa = PBXFileReference; lastKnownFileType = file.xib; path = DropDownCell.xib; sourceTree = "<group>"; };
		EF36532C210F3EEB005E00D3 /* ConectionCheck.swift */ = {isa = PBXFileReference; lastKnownFileType = sourcecode.swift; path = ConectionCheck.swift; sourceTree = "<group>"; };
		EF498DE32174F62A008231C1 /* speciesVC.swift */ = {isa = PBXFileReference; lastKnownFileType = sourcecode.swift; path = speciesVC.swift; sourceTree = "<group>"; };
		EF498DE52174F67B008231C1 /* speciesCell.swift */ = {isa = PBXFileReference; lastKnownFileType = sourcecode.swift; path = speciesCell.swift; sourceTree = "<group>"; };
		EF4AF8A0216BE1DF0083B07A /* CommentsCell.swift */ = {isa = PBXFileReference; lastKnownFileType = sourcecode.swift; path = CommentsCell.swift; sourceTree = "<group>"; };
		EF4AF8A2216CC8F30083B07A /* Interface.swift */ = {isa = PBXFileReference; lastKnownFileType = sourcecode.swift; path = Interface.swift; sourceTree = "<group>"; };
		EF71620E20EE66D1000C0C07 /* User.swift */ = {isa = PBXFileReference; lastKnownFileType = sourcecode.swift; path = User.swift; sourceTree = "<group>"; };
		EF71621120EEA08A000C0C07 /* ServerManager.swift */ = {isa = PBXFileReference; lastKnownFileType = sourcecode.swift; path = ServerManager.swift; sourceTree = "<group>"; };
		EF71621420EEB90F000C0C07 /* ListVC.swift */ = {isa = PBXFileReference; lastKnownFileType = sourcecode.swift; path = ListVC.swift; sourceTree = "<group>"; };
		EF71621620F12A52000C0C07 /* CoffeeListOnMap.swift */ = {isa = PBXFileReference; lastKnownFileType = sourcecode.swift; path = CoffeeListOnMap.swift; sourceTree = "<group>"; };
		EF71621B20F26720000C0C07 /* ParalaxEffectCoffeeTableView.swift */ = {isa = PBXFileReference; lastKnownFileType = sourcecode.swift; path = ParalaxEffectCoffeeTableView.swift; sourceTree = "<group>"; };
		EF799DF220C1590200EED722 /* CoffeePage.swift */ = {isa = PBXFileReference; lastKnownFileType = sourcecode.swift; path = CoffeePage.swift; sourceTree = "<group>"; };
		EF799DF520C15BAA00EED722 /* CommentTable.swift */ = {isa = PBXFileReference; lastKnownFileType = sourcecode.swift; path = CommentTable.swift; sourceTree = "<group>"; };
		EF8465FD213077B500C84126 /* SyrupCell.swift */ = {isa = PBXFileReference; lastKnownFileType = sourcecode.swift; path = SyrupCell.swift; sourceTree = "<group>"; };
		EF8BEE35214C195700438FB6 /* ZFRippleButton.swift */ = {isa = PBXFileReference; lastKnownFileType = sourcecode.swift; path = ZFRippleButton.swift; sourceTree = "<group>"; };
		EFAE4D3F217E7D68007F8EF4 /* CoffeeNetElement.swift */ = {isa = PBXFileReference; lastKnownFileType = sourcecode.swift; path = CoffeeNetElement.swift; sourceTree = "<group>"; };
		EFC3924F20F27DA600A3896A /* MapParelavEffect.swift */ = {isa = PBXFileReference; lastKnownFileType = sourcecode.swift; path = MapParelavEffect.swift; sourceTree = "<group>"; };
		EFC712F120FBC6EA00121607 /* OrdersVC.swift */ = {isa = PBXFileReference; lastKnownFileType = sourcecode.swift; path = OrdersVC.swift; sourceTree = "<group>"; };
		EFC712F520FD056C00121607 /* CoffeeMenuList.swift */ = {isa = PBXFileReference; lastKnownFileType = sourcecode.swift; path = CoffeeMenuList.swift; sourceTree = "<group>"; };
		EFC712F720FD05C000121607 /* OtherMenuList.swift */ = {isa = PBXFileReference; lastKnownFileType = sourcecode.swift; path = OtherMenuList.swift; sourceTree = "<group>"; };
		EFC712F920FD05D600121607 /* CakeMenuList.swift */ = {isa = PBXFileReference; lastKnownFileType = sourcecode.swift; path = CakeMenuList.swift; sourceTree = "<group>"; };
		EFC712FB20FD062E00121607 /* BottleWaterMenuList.swift */ = {isa = PBXFileReference; lastKnownFileType = sourcecode.swift; path = BottleWaterMenuList.swift; sourceTree = "<group>"; };
		EFC712FD20FD066000121607 /* SendwitchMenuList.swift */ = {isa = PBXFileReference; lastKnownFileType = sourcecode.swift; path = SendwitchMenuList.swift; sourceTree = "<group>"; };
		EFC712FF20FD068100121607 /* PieMenuList.swift */ = {isa = PBXFileReference; lastKnownFileType = sourcecode.swift; path = PieMenuList.swift; sourceTree = "<group>"; };
		EFD1909F215704B700EC1582 /* GMUMarkerClustering.h */ = {isa = PBXFileReference; lastKnownFileType = sourcecode.c.h; path = GMUMarkerClustering.h; sourceTree = "<group>"; };
		EFD3AC4220B5BF9E008B0CE0 /* CofeeGo.app */ = {isa = PBXFileReference; explicitFileType = wrapper.application; includeInIndex = 0; path = CofeeGo.app; sourceTree = BUILT_PRODUCTS_DIR; };
		EFD3AC4520B5BF9E008B0CE0 /* AppDelegate.swift */ = {isa = PBXFileReference; lastKnownFileType = sourcecode.swift; path = AppDelegate.swift; sourceTree = "<group>"; };
		EFD3AC4720B5BF9E008B0CE0 /* ViewController.swift */ = {isa = PBXFileReference; lastKnownFileType = sourcecode.swift; path = ViewController.swift; sourceTree = "<group>"; };
		EFD3AC4A20B5BF9E008B0CE0 /* Base */ = {isa = PBXFileReference; lastKnownFileType = file.storyboard; name = Base; path = Base.lproj/Main.storyboard; sourceTree = "<group>"; };
		EFD3AC4C20B5BFA1008B0CE0 /* Assets.xcassets */ = {isa = PBXFileReference; lastKnownFileType = folder.assetcatalog; path = Assets.xcassets; sourceTree = "<group>"; };
		EFD3AC4F20B5BFA1008B0CE0 /* Base */ = {isa = PBXFileReference; lastKnownFileType = file.storyboard; name = Base; path = Base.lproj/LaunchScreen.storyboard; sourceTree = "<group>"; };
		EFD3AC5120B5BFA1008B0CE0 /* Info.plist */ = {isa = PBXFileReference; lastKnownFileType = text.plist.xml; path = Info.plist; sourceTree = "<group>"; };
		EFD3F53B2164ECC700193B76 /* SettingVC.swift */ = {isa = PBXFileReference; lastKnownFileType = sourcecode.swift; path = SettingVC.swift; sourceTree = "<group>"; };
		EFD3F53D2165443A00193B76 /* PageCoffee.swift */ = {isa = PBXFileReference; lastKnownFileType = sourcecode.swift; path = PageCoffee.swift; sourceTree = "<group>"; };
		EFD3F53F2165689200193B76 /* TEstCell.swift */ = {isa = PBXFileReference; lastKnownFileType = sourcecode.swift; path = TEstCell.swift; sourceTree = "<group>"; };
		EFD3F5412166A4AD00193B76 /* CustomHeaderView.swift */ = {isa = PBXFileReference; lastKnownFileType = sourcecode.swift; path = CustomHeaderView.swift; sourceTree = "<group>"; };
		EFD3F5432166B05E00193B76 /* Network.swift */ = {isa = PBXFileReference; lastKnownFileType = sourcecode.swift; path = Network.swift; sourceTree = "<group>"; };
		EFE31B372172376600F3E343 /* postOrderVC.swift */ = {isa = PBXFileReference; lastKnownFileType = sourcecode.swift; path = postOrderVC.swift; sourceTree = "<group>"; };
		EFE8474620B5E55000449114 /* CofeeCell.swift */ = {isa = PBXFileReference; lastKnownFileType = sourcecode.swift; path = CofeeCell.swift; sourceTree = "<group>"; };
		EFE8474820B5EA6C00449114 /* ListCoffee.swift */ = {isa = PBXFileReference; lastKnownFileType = sourcecode.swift; path = ListCoffee.swift; sourceTree = "<group>"; };
		EFE8474A20B5ECC000449114 /* Constants.swift */ = {isa = PBXFileReference; lastKnownFileType = sourcecode.swift; path = Constants.swift; sourceTree = "<group>"; };
		EFEA599D211F257900265BF3 /* rateVC.swift */ = {isa = PBXFileReference; lastKnownFileType = sourcecode.swift; path = rateVC.swift; sourceTree = "<group>"; };
		EFEA59A1212B4AA900265BF3 /* AdditionalStaffForCoffee.swift */ = {isa = PBXFileReference; lastKnownFileType = sourcecode.swift; path = AdditionalStaffForCoffee.swift; sourceTree = "<group>"; };
		EFEA59A4212EDC1C00265BF3 /* additionalsVC.swift */ = {isa = PBXFileReference; lastKnownFileType = sourcecode.swift; path = additionalsVC.swift; sourceTree = "<group>"; };
		EFEA59A6212EDC6300265BF3 /* syrupsVC.swift */ = {isa = PBXFileReference; lastKnownFileType = sourcecode.swift; path = syrupsVC.swift; sourceTree = "<group>"; };
		EFF0FCD521184496002AC8CA /* CoffeeGo-Bridging-Header.h */ = {isa = PBXFileReference; lastKnownFileType = sourcecode.c.h; path = "CoffeeGo-Bridging-Header.h"; sourceTree = "<group>"; };
		EFF0FD03211846B6002AC8CA /* POIItem.swift */ = {isa = PBXFileReference; lastKnownFileType = sourcecode.swift; path = POIItem.swift; sourceTree = "<group>"; };
		EFF8D5852115D9DF00B655CE /* OrderItem.swift */ = {isa = PBXFileReference; lastKnownFileType = sourcecode.swift; path = OrderItem.swift; sourceTree = "<group>"; };
		EFF8D5872115EE7400B655CE /* OrderData.swift */ = {isa = PBXFileReference; lastKnownFileType = sourcecode.swift; path = OrderData.swift; sourceTree = "<group>"; };
		EFFB2D1520D1A4BC003A21C3 /* MapVC.swift */ = {isa = PBXFileReference; lastKnownFileType = sourcecode.swift; path = MapVC.swift; sourceTree = "<group>"; };
		EFFB2D1720D1A76B003A21C3 /* File.swift */ = {isa = PBXFileReference; lastKnownFileType = sourcecode.swift; path = File.swift; sourceTree = "<group>"; };
		EFFB2D1920D2C477003A21C3 /* MapCoffeeVC.swift */ = {isa = PBXFileReference; lastKnownFileType = sourcecode.swift; path = MapCoffeeVC.swift; sourceTree = "<group>"; };
/* End PBXFileReference section */

/* Begin PBXFrameworksBuildPhase section */
		EFD3AC3F20B5BF9E008B0CE0 /* Frameworks */ = {
			isa = PBXFrameworksBuildPhase;
			buildActionMask = 2147483647;
			files = (
				CCEB119B50C23CDD8061B666 /* Pods_CofeeGo.framework in Frameworks */,
			);
			runOnlyForDeploymentPostprocessing = 0;
		};
/* End PBXFrameworksBuildPhase section */

/* Begin PBXGroup section */
		76A3ADDE73750C154C30AD10 /* Frameworks */ = {
			isa = PBXGroup;
			children = (
				1A0774F7C78982A450248FB7 /* Pods_CofeeGo.framework */,
			);
			name = Frameworks;
			sourceTree = "<group>";
		};
		D3981CD01B063CB179A6E0EE /* Pods */ = {
			isa = PBXGroup;
			children = (
				ACE4F67825C3DFD0125A02C1 /* Pods-CofeeGo.debug.xcconfig */,
				54F80BC995ACCCB2B396D95C /* Pods-CofeeGo.release.xcconfig */,
			);
			name = Pods;
			sourceTree = "<group>";
		};
		EF36530220FD710E005E00D3 /* Manu */ = {
			isa = PBXGroup;
			children = (
				EF36531C210617DD005E00D3 /* DropDownCell */,
				EF36530D21012BBF005E00D3 /* PieManu.swift */,
				EF36530320FD712F005E00D3 /* CoffeeManu.swift */,
				EF36530F21012BD5005E00D3 /* BottleManu.swift */,
				EF36531121012BEB005E00D3 /* SendwichManu.swift */,
				EF36531321012BF9005E00D3 /* OtherManu.swift */,
				EF36531521012C39005E00D3 /* CakeManu.swift */,
				EF498DE52174F67B008231C1 /* speciesCell.swift */,
			);
			path = Manu;
			sourceTree = "<group>";
		};
		EF3653082100A47E005E00D3 /* MainPageVC */ = {
			isa = PBXGroup;
			children = (
				EF3653092100A4B4005E00D3 /* MainVC.swift */,
				EFD3AC4720B5BF9E008B0CE0 /* ViewController.swift */,
				EF36530B2100A4CF005E00D3 /* FavoriteListVC.swift */,
			);
			path = MainPageVC;
			sourceTree = "<group>";
		};
		EF36531C210617DD005E00D3 /* DropDownCell */ = {
			isa = PBXGroup;
			children = (
				EF36531D21061816005E00D3 /* DropDownCell.swift */,
				EF36531E21061816005E00D3 /* DropDownCell.xib */,
			);
			path = DropDownCell;
			sourceTree = "<group>";
		};
		EF71620C20EE44FB000C0C07 /* HomePage */ = {
			isa = PBXGroup;
			children = (
				EFEA59A3212EDBE500265BF3 /* AdditionalViews */,
				EF3653082100A47E005E00D3 /* MainPageVC */,
				EF799DF220C1590200EED722 /* CoffeePage.swift */,
				EFFB2D1920D2C477003A21C3 /* MapCoffeeVC.swift */,
				EFC712F120FBC6EA00121607 /* OrdersVC.swift */,
				EFC712F420FD053600121607 /* MenuLists */,
				EFEA599D211F257900265BF3 /* rateVC.swift */,
				EFEA59A1212B4AA900265BF3 /* AdditionalStaffForCoffee.swift */,
				EFD3F53D2165443A00193B76 /* PageCoffee.swift */,
				EFE31B372172376600F3E343 /* postOrderVC.swift */,
			);
			path = HomePage;
			sourceTree = "<group>";
		};
		EF71620D20EE4516000C0C07 /* MapPage */ = {
			isa = PBXGroup;
			children = (
				EFFB2D1520D1A4BC003A21C3 /* MapVC.swift */,
			);
			path = MapPage;
			sourceTree = "<group>";
		};
		EF71621020EEA053000C0C07 /* HelperClasses */ = {
			isa = PBXGroup;
			children = (
				EF71621120EEA08A000C0C07 /* ServerManager.swift */,
				EF36532C210F3EEB005E00D3 /* ConectionCheck.swift */,
			);
			path = HelperClasses;
			sourceTree = "<group>";
		};
		EF71621320EEB8DC000C0C07 /* ListPage */ = {
			isa = PBXGroup;
			children = (
				EF71621420EEB90F000C0C07 /* ListVC.swift */,
			);
			path = ListPage;
			sourceTree = "<group>";
		};
		EF71621820F13C50000C0C07 /* InterfaceElements */ = {
			isa = PBXGroup;
			children = (
				EF71621B20F26720000C0C07 /* ParalaxEffectCoffeeTableView.swift */,
				EFC3924F20F27DA600A3896A /* MapParelavEffect.swift */,
				EF8BEE35214C195700438FB6 /* ZFRippleButton.swift */,
				EFD3F5412166A4AD00193B76 /* CustomHeaderView.swift */,
				EF4AF8A2216CC8F30083B07A /* Interface.swift */,
			);
			path = InterfaceElements;
			sourceTree = "<group>";
		};
		EF799DF120C1570200EED722 /* Model */ = {
			isa = PBXGroup;
			children = (
				EFE8474820B5EA6C00449114 /* ListCoffee.swift */,
				EFE8474A20B5ECC000449114 /* Constants.swift */,
				EFFB2D1720D1A76B003A21C3 /* File.swift */,
				EF71620E20EE66D1000C0C07 /* User.swift */,
				EFF8D5852115D9DF00B655CE /* OrderItem.swift */,
				EFF8D5872115EE7400B655CE /* OrderData.swift */,
				EF14A9E5215D47B3002C0A5F /* Database.swift */,
				EFD3F5432166B05E00193B76 /* Network.swift */,
				EFAE4D3F217E7D68007F8EF4 /* CoffeeNetElement.swift */,
			);
			path = Model;
			sourceTree = "<group>";
		};
		EF799DF420C15B6000EED722 /* Cells */ = {
			isa = PBXGroup;
			children = (
				EF36530220FD710E005E00D3 /* Manu */,
				EFE8474620B5E55000449114 /* CofeeCell.swift */,
				EF799DF520C15BAA00EED722 /* CommentTable.swift */,
				EF71621620F12A52000C0C07 /* CoffeeListOnMap.swift */,
				EF3653062100A00B005E00D3 /* OrderList.swift */,
				EF16477A2130546900520F4C /* AdditionCell.swift */,
				EF8465FD213077B500C84126 /* SyrupCell.swift */,
				EFD3F53F2165689200193B76 /* TEstCell.swift */,
				EF4AF8A0216BE1DF0083B07A /* CommentsCell.swift */,
			);
			path = Cells;
			sourceTree = "<group>";
		};
		EFC712F420FD053600121607 /* MenuLists */ = {
			isa = PBXGroup;
			children = (
				EFC712F520FD056C00121607 /* CoffeeMenuList.swift */,
				EFC712F720FD05C000121607 /* OtherMenuList.swift */,
				EFC712F920FD05D600121607 /* CakeMenuList.swift */,
				EFC712FB20FD062E00121607 /* BottleWaterMenuList.swift */,
				EFC712FD20FD066000121607 /* SendwitchMenuList.swift */,
				EFC712FF20FD068100121607 /* PieMenuList.swift */,
			);
			path = MenuLists;
			sourceTree = "<group>";
		};
		EFD3AC3920B5BF9E008B0CE0 = {
			isa = PBXGroup;
			children = (
				EFF0FCD721184602002AC8CA /* Google-Maps-iOS-Utils */,
				EFD3AC4420B5BF9E008B0CE0 /* CofeeGo */,
				EFD3AC4320B5BF9E008B0CE0 /* Products */,
				D3981CD01B063CB179A6E0EE /* Pods */,
				76A3ADDE73750C154C30AD10 /* Frameworks */,
			);
			sourceTree = "<group>";
		};
		EFD3AC4320B5BF9E008B0CE0 /* Products */ = {
			isa = PBXGroup;
			children = (
				EFD3AC4220B5BF9E008B0CE0 /* CofeeGo.app */,
			);
			name = Products;
			sourceTree = "<group>";
		};
		EFD3AC4420B5BF9E008B0CE0 /* CofeeGo */ = {
			isa = PBXGroup;
			children = (
				EF71621820F13C50000C0C07 /* InterfaceElements */,
				EF71621020EEA053000C0C07 /* HelperClasses */,
				EF799DF420C15B6000EED722 /* Cells */,
				EF799DF120C1570200EED722 /* Model */,
				EFE7CBA020BFF06900DAB3FD /* View */,
				EFD3AC4520B5BF9E008B0CE0 /* AppDelegate.swift */,
				EFD3AC4920B5BF9E008B0CE0 /* Main.storyboard */,
				EFD3AC4E20B5BFA1008B0CE0 /* LaunchScreen.storyboard */,
				EFD3AC4C20B5BFA1008B0CE0 /* Assets.xcassets */,
				EFD3AC5120B5BFA1008B0CE0 /* Info.plist */,
				EFF0FCD521184496002AC8CA /* CoffeeGo-Bridging-Header.h */,
				EFF0FD03211846B6002AC8CA /* POIItem.swift */,
			);
			path = CofeeGo;
			sourceTree = "<group>";
		};
		EFD3F53A2164ECA200193B76 /* SettingPage */ = {
			isa = PBXGroup;
			children = (
				EFD3F53B2164ECC700193B76 /* SettingVC.swift */,
			);
			path = SettingPage;
			sourceTree = "<group>";
		};
		EFE7CBA020BFF06900DAB3FD /* View */ = {
			isa = PBXGroup;
			children = (
				EFD3F53A2164ECA200193B76 /* SettingPage */,
				EF71621320EEB8DC000C0C07 /* ListPage */,
				EF71620C20EE44FB000C0C07 /* HomePage */,
				EF71620D20EE4516000C0C07 /* MapPage */,
			);
			path = View;
			sourceTree = "<group>";
		};
		EFEA59A3212EDBE500265BF3 /* AdditionalViews */ = {
			isa = PBXGroup;
			children = (
				EFEA59A4212EDC1C00265BF3 /* additionalsVC.swift */,
				EFEA59A6212EDC6300265BF3 /* syrupsVC.swift */,
				EF498DE32174F62A008231C1 /* speciesVC.swift */,
			);
			path = AdditionalViews;
			sourceTree = "<group>";
		};
		EFF0FCD721184602002AC8CA /* Google-Maps-iOS-Utils */ = {
			isa = PBXGroup;
			children = (
				EF14A9C2215BE30D002C0A5F /* GMUCluster.h */,
				EF14A9BD215BE30D002C0A5F /* GMUClusterItem.h */,
				EF14A9BB215BE30D002C0A5F /* GMUClusterManager.h */,
				EF14A9C0215BE30D002C0A5F /* GMUClusterManager.m */,
				EF14A9BC215BE30D002C0A5F /* GMUClusterManager+Testing.h */,
				EF14A9D7215BE321002C0A5F /* GMUClusterIconGenerator.h */,
				EF14A9D2215BE321002C0A5F /* GMUClusterRenderer.h */,
				EF14A9D9215BE321002C0A5F /* GMUDefaultClusterIconGenerator.h */,
				EF14A9D3215BE321002C0A5F /* GMUDefaultClusterIconGenerator.m */,
				EF14A9D4215BE321002C0A5F /* GMUDefaultClusterIconGenerator+Testing.h */,
				EF14A9D5215BE321002C0A5F /* GMUDefaultClusterRenderer.h */,
				EF14A9D6215BE321002C0A5F /* GMUDefaultClusterRenderer.m */,
				EF14A9D8215BE321002C0A5F /* GMUDefaultClusterRenderer+Testing.h */,
				EF14A9C6215BE317002C0A5F /* GMUClusterAlgorithm.h */,
				EF14A9DE215BE32C002C0A5F /* GQTBounds.h */,
				EF14A9E1215BE32D002C0A5F /* GQTPoint.h */,
				EF14A9DD215BE32C002C0A5F /* GQTPointQuadTree.h */,
				EF14A9DC215BE32C002C0A5F /* GQTPointQuadTree.m */,
				EF14A9E2215BE32D002C0A5F /* GQTPointQuadTreeChild.h */,
				EF14A9DF215BE32D002C0A5F /* GQTPointQuadTreeChild.m */,
				EF14A9E0215BE32D002C0A5F /* GQTPointQuadTreeItem.h */,
				EF14A9C5215BE317002C0A5F /* GMUGridBasedClusterAlgorithm.h */,
				EF14A9CD215BE317002C0A5F /* GMUGridBasedClusterAlgorithm.m */,
				EF14A9C7215BE317002C0A5F /* GMUNonHierarchicalDistanceBasedAlgorithm.h */,
				EF14A9C8215BE317002C0A5F /* GMUNonHierarchicalDistanceBasedAlgorithm.m */,
				EF14A9CA215BE317002C0A5F /* GMUSimpleClusterAlgorithm.h */,
				EF14A9C9215BE317002C0A5F /* GMUSimpleClusterAlgorithm.m */,
				EF14A9CC215BE317002C0A5F /* GMUWrappingDictionaryKey.h */,
				EF14A9CB215BE317002C0A5F /* GMUWrappingDictionaryKey.m */,
				EF14A9BE215BE30D002C0A5F /* GMUStaticCluster.h */,
				EF14A9BF215BE30D002C0A5F /* GMUStaticCluster.m */,
				EFD1909F215704B700EC1582 /* GMUMarkerClustering.h */,
			);
			path = "Google-Maps-iOS-Utils";
			sourceTree = "<group>";
		};
/* End PBXGroup section */

/* Begin PBXNativeTarget section */
		EFD3AC4120B5BF9E008B0CE0 /* CofeeGo */ = {
			isa = PBXNativeTarget;
			buildConfigurationList = EFD3AC5420B5BFA1008B0CE0 /* Build configuration list for PBXNativeTarget "CofeeGo" */;
			buildPhases = (
				7D4150ED052B383E76C0BA44 /* [CP] Check Pods Manifest.lock */,
				EFD3AC3E20B5BF9E008B0CE0 /* Sources */,
				EFD3AC3F20B5BF9E008B0CE0 /* Frameworks */,
				EFD3AC4020B5BF9E008B0CE0 /* Resources */,
				7D03DFC127053E7CA9CC9A10 /* [CP] Copy Pods Resources */,
				CAC43404B1AE22DECEF03720 /* [CP] Embed Pods Frameworks */,
			);
			buildRules = (
			);
			dependencies = (
			);
			name = CofeeGo;
			productName = CofeeGo;
			productReference = EFD3AC4220B5BF9E008B0CE0 /* CofeeGo.app */;
			productType = "com.apple.product-type.application";
		};
/* End PBXNativeTarget section */

/* Begin PBXProject section */
		EFD3AC3A20B5BF9E008B0CE0 /* Project object */ = {
			isa = PBXProject;
			attributes = {
				LastSwiftUpdateCheck = 0930;
				LastUpgradeCheck = 0930;
				ORGANIZATIONNAME = "Ni VoL";
				TargetAttributes = {
					EFD3AC4120B5BF9E008B0CE0 = {
						CreatedOnToolsVersion = 9.3;
						LastSwiftMigration = 0940;
						SystemCapabilities = {
							com.apple.Maps.iOS = {
								enabled = 0;
							};
						};
					};
				};
			};
			buildConfigurationList = EFD3AC3D20B5BF9E008B0CE0 /* Build configuration list for PBXProject "CofeeGo" */;
			compatibilityVersion = "Xcode 9.3";
			developmentRegion = en;
			hasScannedForEncodings = 0;
			knownRegions = (
				en,
				Base,
			);
			mainGroup = EFD3AC3920B5BF9E008B0CE0;
			productRefGroup = EFD3AC4320B5BF9E008B0CE0 /* Products */;
			projectDirPath = "";
			projectRoot = "";
			targets = (
				EFD3AC4120B5BF9E008B0CE0 /* CofeeGo */,
			);
		};
/* End PBXProject section */

/* Begin PBXResourcesBuildPhase section */
		EFD3AC4020B5BF9E008B0CE0 /* Resources */ = {
			isa = PBXResourcesBuildPhase;
			buildActionMask = 2147483647;
			files = (
				EFD3AC5020B5BFA1008B0CE0 /* LaunchScreen.storyboard in Resources */,
				EFD3AC4D20B5BFA1008B0CE0 /* Assets.xcassets in Resources */,
				EF36532021061816005E00D3 /* DropDownCell.xib in Resources */,
				EFD3AC4B20B5BF9E008B0CE0 /* Main.storyboard in Resources */,
			);
			runOnlyForDeploymentPostprocessing = 0;
		};
/* End PBXResourcesBuildPhase section */

/* Begin PBXShellScriptBuildPhase section */
		7D03DFC127053E7CA9CC9A10 /* [CP] Copy Pods Resources */ = {
			isa = PBXShellScriptBuildPhase;
			buildActionMask = 2147483647;
			files = (
			);
			inputPaths = (
				"${SRCROOT}/Pods/Target Support Files/Pods-CofeeGo/Pods-CofeeGo-resources.sh",
				"${PODS_ROOT}/GoogleMaps/Maps/Frameworks/GoogleMaps.framework/Resources/GoogleMaps.bundle",
			);
			name = "[CP] Copy Pods Resources";
			outputPaths = (
				"${TARGET_BUILD_DIR}/${UNLOCALIZED_RESOURCES_FOLDER_PATH}/GoogleMaps.bundle",
			);
			runOnlyForDeploymentPostprocessing = 0;
			shellPath = /bin/sh;
			shellScript = "\"${SRCROOT}/Pods/Target Support Files/Pods-CofeeGo/Pods-CofeeGo-resources.sh\"\n";
			showEnvVarsInLog = 0;
		};
		7D4150ED052B383E76C0BA44 /* [CP] Check Pods Manifest.lock */ = {
			isa = PBXShellScriptBuildPhase;
			buildActionMask = 2147483647;
			files = (
			);
			inputPaths = (
				"${PODS_PODFILE_DIR_PATH}/Podfile.lock",
				"${PODS_ROOT}/Manifest.lock",
			);
			name = "[CP] Check Pods Manifest.lock";
			outputPaths = (
				"$(DERIVED_FILE_DIR)/Pods-CofeeGo-checkManifestLockResult.txt",
			);
			runOnlyForDeploymentPostprocessing = 0;
			shellPath = /bin/sh;
			shellScript = "diff \"${PODS_PODFILE_DIR_PATH}/Podfile.lock\" \"${PODS_ROOT}/Manifest.lock\" > /dev/null\nif [ $? != 0 ] ; then\n    # print error to STDERR\n    echo \"error: The sandbox is not in sync with the Podfile.lock. Run 'pod install' or update your CocoaPods installation.\" >&2\n    exit 1\nfi\n# This output is used by Xcode 'outputs' to avoid re-running this script phase.\necho \"SUCCESS\" > \"${SCRIPT_OUTPUT_FILE_0}\"\n";
			showEnvVarsInLog = 0;
		};
		CAC43404B1AE22DECEF03720 /* [CP] Embed Pods Frameworks */ = {
			isa = PBXShellScriptBuildPhase;
			buildActionMask = 2147483647;
			files = (
			);
			inputPaths = (
				"${SRCROOT}/Pods/Target Support Files/Pods-CofeeGo/Pods-CofeeGo-frameworks.sh",
				"${BUILT_PRODUCTS_DIR}/Alamofire/Alamofire.framework",
				"${BUILT_PRODUCTS_DIR}/AlamofireImage/AlamofireImage.framework",
				"${BUILT_PRODUCTS_DIR}/CarbonKit/CarbonKit.framework",
				"${BUILT_PRODUCTS_DIR}/Cosmos/Cosmos.framework",
				"${BUILT_PRODUCTS_DIR}/ExpandableLabel/ExpandableLabel.framework",
				"${BUILT_PRODUCTS_DIR}/GoogleUtilities/GoogleUtilities.framework",
				"${BUILT_PRODUCTS_DIR}/HCSStarRatingView/HCSStarRatingView.framework",
				"${BUILT_PRODUCTS_DIR}/Kingfisher/Kingfisher.framework",
				"${BUILT_PRODUCTS_DIR}/Protobuf/Protobuf.framework",
				"${BUILT_PRODUCTS_DIR}/PureLayout/PureLayout.framework",
				"${BUILT_PRODUCTS_DIR}/ReadMoreTextView/ReadMoreTextView.framework",
				"${BUILT_PRODUCTS_DIR}/SQLite.swift/SQLite.framework",
				"${BUILT_PRODUCTS_DIR}/SVProgressHUD/SVProgressHUD.framework",
				"${BUILT_PRODUCTS_DIR}/SeamlessSlideUpScrollView/SeamlessSlideUpScrollView.framework",
				"${BUILT_PRODUCTS_DIR}/SimplePDF/SimplePDF.framework",
				"${BUILT_PRODUCTS_DIR}/SwiftyJSON/SwiftyJSON.framework",
				"${BUILT_PRODUCTS_DIR}/Tamamushi/Tamamushi.framework",
				"${BUILT_PRODUCTS_DIR}/XLPagerTabStrip/XLPagerTabStrip.framework",
			);
			name = "[CP] Embed Pods Frameworks";
			outputPaths = (
				"${TARGET_BUILD_DIR}/${FRAMEWORKS_FOLDER_PATH}/Alamofire.framework",
				"${TARGET_BUILD_DIR}/${FRAMEWORKS_FOLDER_PATH}/AlamofireImage.framework",
				"${TARGET_BUILD_DIR}/${FRAMEWORKS_FOLDER_PATH}/CarbonKit.framework",
				"${TARGET_BUILD_DIR}/${FRAMEWORKS_FOLDER_PATH}/Cosmos.framework",
				"${TARGET_BUILD_DIR}/${FRAMEWORKS_FOLDER_PATH}/ExpandableLabel.framework",
				"${TARGET_BUILD_DIR}/${FRAMEWORKS_FOLDER_PATH}/GoogleUtilities.framework",
				"${TARGET_BUILD_DIR}/${FRAMEWORKS_FOLDER_PATH}/HCSStarRatingView.framework",
				"${TARGET_BUILD_DIR}/${FRAMEWORKS_FOLDER_PATH}/Kingfisher.framework",
				"${TARGET_BUILD_DIR}/${FRAMEWORKS_FOLDER_PATH}/Protobuf.framework",
				"${TARGET_BUILD_DIR}/${FRAMEWORKS_FOLDER_PATH}/PureLayout.framework",
				"${TARGET_BUILD_DIR}/${FRAMEWORKS_FOLDER_PATH}/ReadMoreTextView.framework",
				"${TARGET_BUILD_DIR}/${FRAMEWORKS_FOLDER_PATH}/SQLite.framework",
				"${TARGET_BUILD_DIR}/${FRAMEWORKS_FOLDER_PATH}/SVProgressHUD.framework",
				"${TARGET_BUILD_DIR}/${FRAMEWORKS_FOLDER_PATH}/SeamlessSlideUpScrollView.framework",
				"${TARGET_BUILD_DIR}/${FRAMEWORKS_FOLDER_PATH}/SimplePDF.framework",
				"${TARGET_BUILD_DIR}/${FRAMEWORKS_FOLDER_PATH}/SwiftyJSON.framework",
				"${TARGET_BUILD_DIR}/${FRAMEWORKS_FOLDER_PATH}/Tamamushi.framework",
				"${TARGET_BUILD_DIR}/${FRAMEWORKS_FOLDER_PATH}/XLPagerTabStrip.framework",
			);
			runOnlyForDeploymentPostprocessing = 0;
			shellPath = /bin/sh;
			shellScript = "\"${SRCROOT}/Pods/Target Support Files/Pods-CofeeGo/Pods-CofeeGo-frameworks.sh\"\n";
			showEnvVarsInLog = 0;
		};
/* End PBXShellScriptBuildPhase section */

/* Begin PBXSourcesBuildPhase section */
		EFD3AC3E20B5BF9E008B0CE0 /* Sources */ = {
			isa = PBXSourcesBuildPhase;
			buildActionMask = 2147483647;
			files = (
				EF14A9C4215BE30D002C0A5F /* GMUClusterManager.m in Sources */,
				EFEA59A2212B4AA900265BF3 /* AdditionalStaffForCoffee.swift in Sources */,
				EFE8474B20B5ECC000449114 /* Constants.swift in Sources */,
				EF4AF8A1216BE1DF0083B07A /* CommentsCell.swift in Sources */,
				EFEA59A7212EDC6300265BF3 /* syrupsVC.swift in Sources */,
				EF71621520EEB90F000C0C07 /* ListVC.swift in Sources */,
				EFAE4D40217E7D68007F8EF4 /* CoffeeNetElement.swift in Sources */,
				EF498DE62174F67B008231C1 /* speciesCell.swift in Sources */,
				EFD3F5442166B05E00193B76 /* Network.swift in Sources */,
				EF14A9DB215BE321002C0A5F /* GMUDefaultClusterRenderer.m in Sources */,
				EFF8D5862115D9DF00B655CE /* OrderItem.swift in Sources */,
				EFC712FC20FD062E00121607 /* BottleWaterMenuList.swift in Sources */,
				EFE8474920B5EA6C00449114 /* ListCoffee.swift in Sources */,
				EF36530C2100A4CF005E00D3 /* FavoriteListVC.swift in Sources */,
				EFD3AC4820B5BF9E008B0CE0 /* ViewController.swift in Sources */,
				EFC712F820FD05C000121607 /* OtherMenuList.swift in Sources */,
				EFEA59A5212EDC1C00265BF3 /* additionalsVC.swift in Sources */,
				EF14A9D0215BE317002C0A5F /* GMUWrappingDictionaryKey.m in Sources */,
				EF36531221012BEB005E00D3 /* SendwichManu.swift in Sources */,
				EF4AF8A3216CC8F30083B07A /* Interface.swift in Sources */,
				EF8BEE36214C195700438FB6 /* ZFRippleButton.swift in Sources */,
				EF14A9C3215BE30D002C0A5F /* GMUStaticCluster.m in Sources */,
				EFE31B382172376600F3E343 /* postOrderVC.swift in Sources */,
				EF36531421012BF9005E00D3 /* OtherManu.swift in Sources */,
				EF71621C20F26720000C0C07 /* ParalaxEffectCoffeeTableView.swift in Sources */,
				EFD3AC4620B5BF9E008B0CE0 /* AppDelegate.swift in Sources */,
				EF14A9CF215BE317002C0A5F /* GMUSimpleClusterAlgorithm.m in Sources */,
				EF16477B2130546900520F4C /* AdditionCell.swift in Sources */,
				EF71621220EEA08B000C0C07 /* ServerManager.swift in Sources */,
				EF14A9E6215D47B3002C0A5F /* Database.swift in Sources */,
				EFC3925020F27DA600A3896A /* MapParelavEffect.swift in Sources */,
				EFD3F53C2164ECC700193B76 /* SettingVC.swift in Sources */,
				EFC7130020FD068100121607 /* PieMenuList.swift in Sources */,
				EF36531621012C39005E00D3 /* CakeManu.swift in Sources */,
				EFF0FD04211846B6002AC8CA /* POIItem.swift in Sources */,
				EFF8D5882115EE7400B655CE /* OrderData.swift in Sources */,
				EF799DF320C1590300EED722 /* CoffeePage.swift in Sources */,
				EF14A9E4215BE32D002C0A5F /* GQTPointQuadTreeChild.m in Sources */,
				EF14A9CE215BE317002C0A5F /* GMUNonHierarchicalDistanceBasedAlgorithm.m in Sources */,
				EF36530420FD712F005E00D3 /* CoffeeManu.swift in Sources */,
				EF8465FE213077B500C84126 /* SyrupCell.swift in Sources */,
				EFFB2D1A20D2C477003A21C3 /* MapCoffeeVC.swift in Sources */,
				EF14A9DA215BE321002C0A5F /* GMUDefaultClusterIconGenerator.m in Sources */,
				EFD3F53E2165443A00193B76 /* PageCoffee.swift in Sources */,
				EF799DF620C15BAA00EED722 /* CommentTable.swift in Sources */,
				EF14A9E3215BE32D002C0A5F /* GQTPointQuadTree.m in Sources */,
				EFD3F5422166A4AD00193B76 /* CustomHeaderView.swift in Sources */,
				EF71621720F12A52000C0C07 /* CoffeeListOnMap.swift in Sources */,
				EFC712FE20FD066000121607 /* SendwitchMenuList.swift in Sources */,
				EF498DE42174F62A008231C1 /* speciesVC.swift in Sources */,
				EF3653072100A00B005E00D3 /* OrderList.swift in Sources */,
				EF36531F21061816005E00D3 /* DropDownCell.swift in Sources */,
				EFC712F220FBC6EA00121607 /* OrdersVC.swift in Sources */,
				EF14A9D1215BE317002C0A5F /* GMUGridBasedClusterAlgorithm.m in Sources */,
				EFC712FA20FD05D600121607 /* CakeMenuList.swift in Sources */,
				EF36532D210F3EEB005E00D3 /* ConectionCheck.swift in Sources */,
				EF36530A2100A4B4005E00D3 /* MainVC.swift in Sources */,
				EFFB2D1620D1A4BC003A21C3 /* MapVC.swift in Sources */,
				EF36530E21012BBF005E00D3 /* PieManu.swift in Sources */,
				EFC712F620FD056C00121607 /* CoffeeMenuList.swift in Sources */,
				EFFB2D1820D1A76B003A21C3 /* File.swift in Sources */,
				EFD3F5402165689200193B76 /* TEstCell.swift in Sources */,
				EF36531021012BD5005E00D3 /* BottleManu.swift in Sources */,
				EFEA599E211F257900265BF3 /* rateVC.swift in Sources */,
				EFE8474720B5E55000449114 /* CofeeCell.swift in Sources */,
				EF71620F20EE66D1000C0C07 /* User.swift in Sources */,
			);
			runOnlyForDeploymentPostprocessing = 0;
		};
/* End PBXSourcesBuildPhase section */

/* Begin PBXVariantGroup section */
		EFD3AC4920B5BF9E008B0CE0 /* Main.storyboard */ = {
			isa = PBXVariantGroup;
			children = (
				EFD3AC4A20B5BF9E008B0CE0 /* Base */,
			);
			name = Main.storyboard;
			sourceTree = "<group>";
			usesTabs = 0;
		};
		EFD3AC4E20B5BFA1008B0CE0 /* LaunchScreen.storyboard */ = {
			isa = PBXVariantGroup;
			children = (
				EFD3AC4F20B5BFA1008B0CE0 /* Base */,
			);
			name = LaunchScreen.storyboard;
			sourceTree = "<group>";
		};
/* End PBXVariantGroup section */

/* Begin XCBuildConfiguration section */
		EFD3AC5220B5BFA1008B0CE0 /* Debug */ = {
			isa = XCBuildConfiguration;
			buildSettings = {
				ALWAYS_SEARCH_USER_PATHS = NO;
				CLANG_ANALYZER_NONNULL = YES;
				CLANG_ANALYZER_NUMBER_OBJECT_CONVERSION = YES_AGGRESSIVE;
				CLANG_CXX_LANGUAGE_STANDARD = "gnu++14";
				CLANG_CXX_LIBRARY = "libc++";
				CLANG_ENABLE_MODULES = YES;
				CLANG_ENABLE_OBJC_ARC = YES;
				CLANG_ENABLE_OBJC_WEAK = YES;
				CLANG_WARN_BLOCK_CAPTURE_AUTORELEASING = YES;
				CLANG_WARN_BOOL_CONVERSION = YES;
				CLANG_WARN_COMMA = YES;
				CLANG_WARN_CONSTANT_CONVERSION = YES;
				CLANG_WARN_DEPRECATED_OBJC_IMPLEMENTATIONS = YES;
				CLANG_WARN_DIRECT_OBJC_ISA_USAGE = YES_ERROR;
				CLANG_WARN_DOCUMENTATION_COMMENTS = YES;
				CLANG_WARN_EMPTY_BODY = YES;
				CLANG_WARN_ENUM_CONVERSION = YES;
				CLANG_WARN_INFINITE_RECURSION = YES;
				CLANG_WARN_INT_CONVERSION = YES;
				CLANG_WARN_NON_LITERAL_NULL_CONVERSION = YES;
				CLANG_WARN_OBJC_IMPLICIT_RETAIN_SELF = YES;
				CLANG_WARN_OBJC_LITERAL_CONVERSION = YES;
				CLANG_WARN_OBJC_ROOT_CLASS = YES_ERROR;
				CLANG_WARN_RANGE_LOOP_ANALYSIS = YES;
				CLANG_WARN_STRICT_PROTOTYPES = YES;
				CLANG_WARN_SUSPICIOUS_MOVE = YES;
				CLANG_WARN_UNGUARDED_AVAILABILITY = YES_AGGRESSIVE;
				CLANG_WARN_UNREACHABLE_CODE = YES;
				CLANG_WARN__DUPLICATE_METHOD_MATCH = YES;
				CODE_SIGN_IDENTITY = "iPhone Developer";
				COPY_PHASE_STRIP = NO;
				DEBUG_INFORMATION_FORMAT = dwarf;
				ENABLE_STRICT_OBJC_MSGSEND = YES;
				ENABLE_TESTABILITY = YES;
				GCC_C_LANGUAGE_STANDARD = gnu11;
				GCC_DYNAMIC_NO_PIC = NO;
				GCC_NO_COMMON_BLOCKS = YES;
				GCC_OPTIMIZATION_LEVEL = 0;
				GCC_PREPROCESSOR_DEFINITIONS = (
					"DEBUG=1",
					"$(inherited)",
				);
				GCC_WARN_64_TO_32_BIT_CONVERSION = YES;
				GCC_WARN_ABOUT_RETURN_TYPE = YES_ERROR;
				GCC_WARN_UNDECLARED_SELECTOR = YES;
				GCC_WARN_UNINITIALIZED_AUTOS = YES_AGGRESSIVE;
				GCC_WARN_UNUSED_FUNCTION = YES;
				GCC_WARN_UNUSED_VARIABLE = YES;
				IPHONEOS_DEPLOYMENT_TARGET = 11.3;
				MTL_ENABLE_DEBUG_INFO = YES;
				ONLY_ACTIVE_ARCH = YES;
				SDKROOT = iphoneos;
				SWIFT_ACTIVE_COMPILATION_CONDITIONS = DEBUG;
				SWIFT_OPTIMIZATION_LEVEL = "-Onone";
			};
			name = Debug;
		};
		EFD3AC5320B5BFA1008B0CE0 /* Release */ = {
			isa = XCBuildConfiguration;
			buildSettings = {
				ALWAYS_SEARCH_USER_PATHS = NO;
				CLANG_ANALYZER_NONNULL = YES;
				CLANG_ANALYZER_NUMBER_OBJECT_CONVERSION = YES_AGGRESSIVE;
				CLANG_CXX_LANGUAGE_STANDARD = "gnu++14";
				CLANG_CXX_LIBRARY = "libc++";
				CLANG_ENABLE_MODULES = YES;
				CLANG_ENABLE_OBJC_ARC = YES;
				CLANG_ENABLE_OBJC_WEAK = YES;
				CLANG_WARN_BLOCK_CAPTURE_AUTORELEASING = YES;
				CLANG_WARN_BOOL_CONVERSION = YES;
				CLANG_WARN_COMMA = YES;
				CLANG_WARN_CONSTANT_CONVERSION = YES;
				CLANG_WARN_DEPRECATED_OBJC_IMPLEMENTATIONS = YES;
				CLANG_WARN_DIRECT_OBJC_ISA_USAGE = YES_ERROR;
				CLANG_WARN_DOCUMENTATION_COMMENTS = YES;
				CLANG_WARN_EMPTY_BODY = YES;
				CLANG_WARN_ENUM_CONVERSION = YES;
				CLANG_WARN_INFINITE_RECURSION = YES;
				CLANG_WARN_INT_CONVERSION = YES;
				CLANG_WARN_NON_LITERAL_NULL_CONVERSION = YES;
				CLANG_WARN_OBJC_IMPLICIT_RETAIN_SELF = YES;
				CLANG_WARN_OBJC_LITERAL_CONVERSION = YES;
				CLANG_WARN_OBJC_ROOT_CLASS = YES_ERROR;
				CLANG_WARN_RANGE_LOOP_ANALYSIS = YES;
				CLANG_WARN_STRICT_PROTOTYPES = YES;
				CLANG_WARN_SUSPICIOUS_MOVE = YES;
				CLANG_WARN_UNGUARDED_AVAILABILITY = YES_AGGRESSIVE;
				CLANG_WARN_UNREACHABLE_CODE = YES;
				CLANG_WARN__DUPLICATE_METHOD_MATCH = YES;
				CODE_SIGN_IDENTITY = "iPhone Developer";
				COPY_PHASE_STRIP = NO;
				DEBUG_INFORMATION_FORMAT = "dwarf-with-dsym";
				ENABLE_NS_ASSERTIONS = NO;
				ENABLE_STRICT_OBJC_MSGSEND = YES;
				GCC_C_LANGUAGE_STANDARD = gnu11;
				GCC_NO_COMMON_BLOCKS = YES;
				GCC_WARN_64_TO_32_BIT_CONVERSION = YES;
				GCC_WARN_ABOUT_RETURN_TYPE = YES_ERROR;
				GCC_WARN_UNDECLARED_SELECTOR = YES;
				GCC_WARN_UNINITIALIZED_AUTOS = YES_AGGRESSIVE;
				GCC_WARN_UNUSED_FUNCTION = YES;
				GCC_WARN_UNUSED_VARIABLE = YES;
				IPHONEOS_DEPLOYMENT_TARGET = 11.3;
				MTL_ENABLE_DEBUG_INFO = NO;
				SDKROOT = iphoneos;
				SWIFT_COMPILATION_MODE = wholemodule;
				SWIFT_OPTIMIZATION_LEVEL = "-O";
				VALIDATE_PRODUCT = YES;
			};
			name = Release;
		};
		EFD3AC5520B5BFA1008B0CE0 /* Debug */ = {
			isa = XCBuildConfiguration;
			baseConfigurationReference = ACE4F67825C3DFD0125A02C1 /* Pods-CofeeGo.debug.xcconfig */;
			buildSettings = {
				ASSETCATALOG_COMPILER_APPICON_NAME = AppIcon;
				CLANG_ENABLE_MODULES = YES;
				CODE_SIGN_IDENTITY = "iPhone Developer";
				CODE_SIGN_STYLE = Automatic;
				DEVELOPMENT_TEAM = 7JSG597976;
				INFOPLIST_FILE = CofeeGo/Info.plist;
				IPHONEOS_DEPLOYMENT_TARGET = 9.0;
				LD_RUNPATH_SEARCH_PATHS = (
					"$(inherited)",
					"@executable_path/Frameworks",
				);
				PRODUCT_BUNDLE_IDENTIFIER = com.GrishaVoL.CoffeeGo;
				PRODUCT_NAME = "$(TARGET_NAME)";
				PROVISIONING_PROFILE_SPECIFIER = "";
				SWIFT_OBJC_BRIDGING_HEADER = "CofeeGo/CoffeeGo-Bridging-Header.h";
				SWIFT_OPTIMIZATION_LEVEL = "-Onone";
				SWIFT_VERSION = 4.0;
				TARGETED_DEVICE_FAMILY = 1;
			};
			name = Debug;
		};
		EFD3AC5620B5BFA1008B0CE0 /* Release */ = {
			isa = XCBuildConfiguration;
			baseConfigurationReference = 54F80BC995ACCCB2B396D95C /* Pods-CofeeGo.release.xcconfig */;
			buildSettings = {
				ASSETCATALOG_COMPILER_APPICON_NAME = AppIcon;
				CLANG_ENABLE_MODULES = YES;
				CODE_SIGN_IDENTITY = "iPhone Developer";
				CODE_SIGN_STYLE = Automatic;
				DEVELOPMENT_TEAM = 7JSG597976;
				INFOPLIST_FILE = CofeeGo/Info.plist;
				IPHONEOS_DEPLOYMENT_TARGET = 9.0;
				LD_RUNPATH_SEARCH_PATHS = (
					"$(inherited)",
					"@executable_path/Frameworks",
				);
				PRODUCT_BUNDLE_IDENTIFIER = com.GrishaVoL.CoffeeGo;
				PRODUCT_NAME = "$(TARGET_NAME)";
				PROVISIONING_PROFILE_SPECIFIER = "";
				SWIFT_OBJC_BRIDGING_HEADER = "CofeeGo/CoffeeGo-Bridging-Header.h";
				SWIFT_VERSION = 4.0;
				TARGETED_DEVICE_FAMILY = 1;
			};
			name = Release;
		};
/* End XCBuildConfiguration section */

/* Begin XCConfigurationList section */
		EFD3AC3D20B5BF9E008B0CE0 /* Build configuration list for PBXProject "CofeeGo" */ = {
			isa = XCConfigurationList;
			buildConfigurations = (
				EFD3AC5220B5BFA1008B0CE0 /* Debug */,
				EFD3AC5320B5BFA1008B0CE0 /* Release */,
			);
			defaultConfigurationIsVisible = 0;
			defaultConfigurationName = Release;
		};
		EFD3AC5420B5BFA1008B0CE0 /* Build configuration list for PBXNativeTarget "CofeeGo" */ = {
			isa = XCConfigurationList;
			buildConfigurations = (
				EFD3AC5520B5BFA1008B0CE0 /* Debug */,
				EFD3AC5620B5BFA1008B0CE0 /* Release */,
			);
			defaultConfigurationIsVisible = 0;
			defaultConfigurationName = Release;
		};
/* End XCConfigurationList section */
	};
	rootObject = EFD3AC3A20B5BF9E008B0CE0 /* Project object */;
}
